{
  "version": 4,
  "terraform_version": "1.7.2",
  "serial": 46,
  "lineage": "40f6e7d0-bbec-f5ac-948c-fd779e73a8d7",
  "outputs": {
    "app_version_string": {
      "value": "prod-v1.14",
      "type": "string"
    },
    "instance_id": {
      "value": "i-076807e6c05e1a4b7",
      "type": "string"
    },
    "public_ip": {
      "value": "13.201.85.44",
      "type": "string"
    },
    "ssh_connect_string": {
      "value": "ssh -i /home/kiriti/.ssh/skillpact ec2-user@13.201.85.44",
      "type": "string"
    },
    "ssh_private_key": {
      "value": "/home/kiriti/.ssh/skillpact",
      "type": "string"
    }
  },
  "resources": [
    {
      "mode": "data",
      "type": "aws_iam_instance_profile",
      "name": "existing_instance_profile",
      "provider": "provider[\"registry.terraform.io/hashicorp/aws\"]",
      "instances": [
        {
          "schema_version": 0,
          "attributes": {
            "arn": "arn:aws:iam::238369675568:instance-profile/skillpact-ec2-instance-profile",
            "create_date": "2024-02-05 09:58:37 +0000 UTC",
            "id": "AIPATO77QTEYHGKKOJIT2",
            "name": "skillpact-ec2-instance-profile",
            "path": "/",
            "role_arn": "arn:aws:iam::238369675568:role/skillpact-ec2-role",
            "role_id": "AROATO77QTEYFY2MWWBZB",
            "role_name": "skillpact-ec2-role"
          },
          "sensitive_attributes": []
        }
      ]
    },
    {
      "mode": "data",
      "type": "aws_lb",
      "name": "existing_alb",
      "provider": "provider[\"registry.terraform.io/hashicorp/aws\"]",
      "instances": [
        {
          "schema_version": 0,
          "attributes": {
            "access_logs": [
              {
                "bucket": "",
                "enabled": false,
                "prefix": ""
              }
            ],
            "arn": "arn:aws:elasticloadbalancing:ap-south-1:238369675568:loadbalancer/app/skillpact-load-balancer/adda4076807d972b",
            "arn_suffix": "app/skillpact-load-balancer/adda4076807d972b",
            "customer_owned_ipv4_pool": "",
            "desync_mitigation_mode": "defensive",
            "dns_name": "skillpact-load-balancer-95363073.ap-south-1.elb.amazonaws.com",
            "drop_invalid_header_fields": false,
            "enable_cross_zone_load_balancing": true,
            "enable_deletion_protection": false,
            "enable_http2": true,
            "enable_tls_version_and_cipher_suite_headers": false,
            "enable_waf_fail_open": false,
            "enable_xff_client_port": false,
            "id": "arn:aws:elasticloadbalancing:ap-south-1:238369675568:loadbalancer/app/skillpact-load-balancer/adda4076807d972b",
            "idle_timeout": 60,
            "internal": false,
            "ip_address_type": "ipv4",
            "load_balancer_type": "application",
            "name": "skillpact-load-balancer",
            "preserve_host_header": false,
            "security_groups": [
              "sg-0aa718e5cb8b44af0"
            ],
            "subnet_mapping": [
              {
                "allocation_id": "",
                "ipv6_address": "",
                "outpost_id": "",
                "private_ipv4_address": "",
                "subnet_id": "subnet-0a9c4443c1b556d63"
              },
              {
                "allocation_id": "",
                "ipv6_address": "",
                "outpost_id": "",
                "private_ipv4_address": "",
                "subnet_id": "subnet-0ff4706e717c6555e"
              }
            ],
            "subnets": [
              "subnet-0a9c4443c1b556d63",
              "subnet-0ff4706e717c6555e"
            ],
            "tags": {},
            "timeouts": null,
            "vpc_id": "vpc-0851066bb5480c880",
            "xff_header_processing_mode": "append",
            "zone_id": "ZP97RAFLXTNZK"
          },
          "sensitive_attributes": []
        }
      ]
    },
    {
      "mode": "data",
      "type": "aws_lb_listener",
      "name": "existing_listener",
      "provider": "provider[\"registry.terraform.io/hashicorp/aws\"]",
      "instances": [
        {
          "schema_version": 0,
          "attributes": {
            "alpn_policy": null,
            "arn": "arn:aws:elasticloadbalancing:ap-south-1:238369675568:listener/app/skillpact-load-balancer/adda4076807d972b/edaa6064cab982f8",
            "certificate_arn": "arn:aws:acm:ap-south-1:238369675568:certificate/df0ee229-f1bb-4c69-b989-c62e5e9f90ee",
            "default_action": [
              {
                "authenticate_cognito": [],
                "authenticate_oidc": [],
                "fixed_response": [],
                "forward": [],
                "order": 1,
                "redirect": [],
                "target_group_arn": "arn:aws:elasticloadbalancing:ap-south-1:238369675568:targetgroup/skillpact-app-tg/326f9e4afdb5f366",
                "type": "forward"
              }
            ],
            "id": "arn:aws:elasticloadbalancing:ap-south-1:238369675568:listener/app/skillpact-load-balancer/adda4076807d972b/edaa6064cab982f8",
            "load_balancer_arn": "arn:aws:elasticloadbalancing:ap-south-1:238369675568:loadbalancer/app/skillpact-load-balancer/adda4076807d972b",
            "port": 443,
            "protocol": "HTTPS",
            "ssl_policy": "ELBSecurityPolicy-2016-08",
            "tags": {},
            "timeouts": null
          },
          "sensitive_attributes": []
        }
      ]
    },
    {
      "mode": "data",
      "type": "aws_lb_target_group",
      "name": "existing_app_tg",
      "provider": "provider[\"registry.terraform.io/hashicorp/aws\"]",
      "instances": [
        {
          "schema_version": 0,
          "attributes": {
            "arn": "arn:aws:elasticloadbalancing:ap-south-1:238369675568:targetgroup/skillpact-app-tg/326f9e4afdb5f366",
            "arn_suffix": "targetgroup/skillpact-app-tg/326f9e4afdb5f366",
            "connection_termination": null,
            "deregistration_delay": 300,
            "health_check": [
              {
                "enabled": true,
                "healthy_threshold": 3,
                "interval": 30,
                "matcher": "200",
                "path": "/api/health",
                "port": "traffic-port",
                "protocol": "HTTP",
                "timeout": 5,
                "unhealthy_threshold": 3
              }
            ],
            "id": "arn:aws:elasticloadbalancing:ap-south-1:238369675568:targetgroup/skillpact-app-tg/326f9e4afdb5f366",
            "lambda_multi_value_headers_enabled": null,
            "load_balancing_algorithm_type": "round_robin",
            "load_balancing_cross_zone_enabled": "use_load_balancer_configuration",
            "name": "skillpact-app-tg",
            "port": 3000,
            "preserve_client_ip": null,
            "protocol": "HTTP",
            "protocol_version": "HTTP1",
            "proxy_protocol_v2": null,
            "slow_start": 0,
            "stickiness": [
              {
                "cookie_duration": 86400,
                "cookie_name": "",
                "enabled": false,
                "type": "lb_cookie"
              }
            ],
            "tags": {},
            "target_type": "instance",
            "timeouts": null,
            "vpc_id": "vpc-0851066bb5480c880"
          },
          "sensitive_attributes": []
        }
      ]
    },
    {
      "mode": "data",
      "type": "aws_security_group",
      "name": "existing_sg",
      "provider": "provider[\"registry.terraform.io/hashicorp/aws\"]",
      "instances": [
        {
          "schema_version": 0,
          "attributes": {
            "arn": "arn:aws:ec2:ap-south-1:238369675568:security-group/sg-0d28c3dfbcf767f65",
            "description": "Allow traffic",
            "filter": null,
            "id": "sg-0d28c3dfbcf767f65",
            "name": "skillpact_sg",
            "tags": {},
            "timeouts": null,
            "vpc_id": "vpc-0851066bb5480c880"
          },
          "sensitive_attributes": []
        }
      ]
    },
    {
      "mode": "data",
      "type": "aws_subnets",
      "name": "existing_vpc_subnets",
      "provider": "provider[\"registry.terraform.io/hashicorp/aws\"]",
      "instances": [
        {
          "schema_version": 0,
          "attributes": {
            "filter": [
              {
                "name": "vpc-id",
                "values": [
                  "vpc-0851066bb5480c880"
                ]
              }
            ],
            "id": "ap-south-1",
            "ids": [
              "subnet-06fe5f83df994c34a",
              "subnet-03e8268921284f363",
              "subnet-0ff4706e717c6555e",
              "subnet-0a9c4443c1b556d63"
            ],
            "tags": null,
            "timeouts": null
          },
          "sensitive_attributes": []
        }
      ]
    },
    {
      "mode": "data",
      "type": "aws_vpc",
      "name": "existing_vpc",
      "provider": "provider[\"registry.terraform.io/hashicorp/aws\"]",
      "instances": [
        {
          "schema_version": 0,
          "attributes": {
            "arn": "arn:aws:ec2:ap-south-1:238369675568:vpc/vpc-0851066bb5480c880",
            "cidr_block": "10.0.0.0/16",
            "cidr_block_associations": [
              {
                "association_id": "vpc-cidr-assoc-077ec3908dca9bebe",
                "cidr_block": "10.0.0.0/16",
                "state": "associated"
              }
            ],
            "default": false,
            "dhcp_options_id": "dopt-01a0210e0b63b91e7",
            "enable_dns_hostnames": true,
            "enable_dns_support": true,
            "enable_network_address_usage_metrics": false,
            "filter": null,
            "id": "vpc-0851066bb5480c880",
            "instance_tenancy": "default",
            "ipv6_association_id": "",
            "ipv6_cidr_block": "",
            "main_route_table_id": "rtb-0a9c372529ae0f023",
            "owner_id": "238369675568",
            "state": null,
            "tags": {
              "Name": "skillpact-vpc"
            },
            "timeouts": null
          },
          "sensitive_attributes": []
        }
      ]
    },
    {
      "mode": "managed",
      "type": "aws_cloudwatch_log_group",
      "name": "skillpact_prod_logs",
      "provider": "provider[\"registry.terraform.io/hashicorp/aws\"]",
      "instances": [
        {
          "schema_version": 0,
          "attributes": {
            "arn": "arn:aws:logs:ap-south-1:238369675568:log-group:skillpact-prod-logs-group",
            "id": "skillpact-prod-logs-group",
            "kms_key_id": "",
            "name": "skillpact-prod-logs-group",
            "name_prefix": "",
            "retention_in_days": 0,
            "skip_destroy": false,
            "tags": null,
            "tags_all": {}
          },
          "sensitive_attributes": [],
          "private": "bnVsbA=="
        }
      ]
    },
    {
      "mode": "managed",
      "type": "aws_key_pair",
      "name": "key_pair",
      "provider": "provider[\"registry.terraform.io/hashicorp/aws\"]",
      "instances": [
        {
          "schema_version": 1,
          "attributes": {
            "arn": "arn:aws:ec2:ap-south-1:238369675568:key-pair/skillpact",
            "fingerprint": "3jDalQytkT96E8spx9nSM8sy3STUHk+YSdTCd5Wn5u0=",
            "id": "skillpact",
            "key_name": "skillpact",
            "key_name_prefix": "",
            "key_pair_id": "key-096115d17a2ff6db7",
            "key_type": "ed25519",
            "public_key": "ssh-ed25519 AAAAC3NzaC1lZDI1NTE5AAAAICK67tt61xshKZw5dp3AIrDUMo3RCFBo5Z8ASxAFX4TQ",
            "tags": null,
            "tags_all": {}
          },
          "sensitive_attributes": [],
          "private": "eyJzY2hlbWFfdmVyc2lvbiI6IjEifQ==",
          "dependencies": [
            "tls_private_key.ed25519_key"
          ]
        }
      ]
    },
    {
      "mode": "managed",
      "type": "aws_lb_listener_rule",
      "name": "nextjs_app_routing",
      "provider": "provider[\"registry.terraform.io/hashicorp/aws\"]",
      "instances": [
        {
          "schema_version": 0,
          "attributes": {
            "action": [
              {
                "authenticate_cognito": [],
                "authenticate_oidc": [],
                "fixed_response": [],
                "forward": [],
                "order": 1,
                "redirect": [],
                "target_group_arn": "arn:aws:elasticloadbalancing:ap-south-1:238369675568:targetgroup/skillpact-app-tg/326f9e4afdb5f366",
                "type": "forward"
              }
            ],
            "arn": "arn:aws:elasticloadbalancing:ap-south-1:238369675568:listener-rule/app/skillpact-load-balancer/adda4076807d972b/edaa6064cab982f8/f5983703422d205b",
            "condition": [
              {
                "host_header": [],
                "http_header": [
                  {
                    "http_header_name": "X-Service-Identifier",
                    "values": [
                      "skillpact.in"
                    ]
                  }
                ],
                "http_request_method": [],
                "path_pattern": [],
                "query_string": [],
                "source_ip": []
              }
            ],
            "id": "arn:aws:elasticloadbalancing:ap-south-1:238369675568:listener-rule/app/skillpact-load-balancer/adda4076807d972b/edaa6064cab982f8/f5983703422d205b",
            "listener_arn": "arn:aws:elasticloadbalancing:ap-south-1:238369675568:listener/app/skillpact-load-balancer/adda4076807d972b/edaa6064cab982f8",
            "priority": 1,
            "tags": null,
            "tags_all": {}
          },
          "sensitive_attributes": [],
          "private": "bnVsbA==",
          "dependencies": [
            "data.aws_lb_listener.existing_listener",
            "data.aws_lb_target_group.existing_app_tg"
          ]
        }
      ]
    },
    {
      "mode": "managed",
      "type": "aws_lb_listener_rule",
      "name": "nextjs_app_routing_preflight",
      "provider": "provider[\"registry.terraform.io/hashicorp/aws\"]",
      "instances": [
        {
          "schema_version": 0,
          "attributes": {
            "action": [
              {
                "authenticate_cognito": [],
                "authenticate_oidc": [],
                "fixed_response": [],
                "forward": [],
                "order": 1,
                "redirect": [],
                "target_group_arn": "arn:aws:elasticloadbalancing:ap-south-1:238369675568:targetgroup/skillpact-app-tg/326f9e4afdb5f366",
                "type": "forward"
              }
            ],
            "arn": "arn:aws:elasticloadbalancing:ap-south-1:238369675568:listener-rule/app/skillpact-load-balancer/adda4076807d972b/edaa6064cab982f8/353f9fe395e5cedc",
            "condition": [
              {
                "host_header": [],
                "http_header": [
                  {
                    "http_header_name": "Origin",
                    "values": [
                      "*://www.skillpact.in",
                      "skillpact.in"
                    ]
                  }
                ],
                "http_request_method": [],
                "path_pattern": [],
                "query_string": [],
                "source_ip": []
              }
            ],
            "id": "arn:aws:elasticloadbalancing:ap-south-1:238369675568:listener-rule/app/skillpact-load-balancer/adda4076807d972b/edaa6064cab982f8/353f9fe395e5cedc",
            "listener_arn": "arn:aws:elasticloadbalancing:ap-south-1:238369675568:listener/app/skillpact-load-balancer/adda4076807d972b/edaa6064cab982f8",
            "priority": 102,
            "tags": null,
            "tags_all": {}
          },
          "sensitive_attributes": [],
          "private": "bnVsbA==",
          "dependencies": [
            "data.aws_lb_listener.existing_listener",
            "data.aws_lb_target_group.existing_app_tg"
          ]
        }
      ]
    },
    {
      "mode": "managed",
      "type": "aws_lb_target_group_attachment",
      "name": "nextjs_target",
      "provider": "provider[\"registry.terraform.io/hashicorp/aws\"]",
      "instances": [
        {
          "schema_version": 0,
          "attributes": {
            "availability_zone": null,
            "id": "arn:aws:elasticloadbalancing:ap-south-1:238369675568:targetgroup/skillpact-app-tg/326f9e4afdb5f366-20240205100911580400000002",
            "port": 3000,
            "target_group_arn": "arn:aws:elasticloadbalancing:ap-south-1:238369675568:targetgroup/skillpact-app-tg/326f9e4afdb5f366",
            "target_id": "i-076807e6c05e1a4b7"
          },
          "sensitive_attributes": [],
          "private": "bnVsbA==",
          "dependencies": [
            "aws_key_pair.key_pair",
            "data.aws_iam_instance_profile.existing_instance_profile",
            "data.aws_lb_target_group.existing_app_tg",
            "data.aws_security_group.existing_sg",
            "data.aws_subnets.existing_vpc_subnets",
            "data.aws_vpc.existing_vpc",
            "module.ec2_instance.aws_iam_instance_profile.this",
            "module.ec2_instance.aws_iam_role.this",
            "module.ec2_instance.aws_instance.ignore_ami",
            "module.ec2_instance.aws_instance.this",
            "module.ec2_instance.aws_spot_instance_request.this",
            "module.ec2_instance.data.aws_iam_policy_document.assume_role_policy",
            "module.ec2_instance.data.aws_partition.current",
            "module.ec2_instance.data.aws_ssm_parameter.this",
            "tls_private_key.ed25519_key"
          ]
        }
      ]
    },
    {
      "mode": "managed",
      "type": "local_file",
      "name": "private_key",
      "provider": "provider[\"registry.terraform.io/hashicorp/local\"]",
      "instances": [
        {
          "schema_version": 0,
          "attributes": {
            "content": "-----BEGIN OPENSSH PRIVATE KEY-----\nb3BlbnNzaC1rZXktdjEAAAAABG5vbmUAAAAEbm9uZQAAAAAAAAABAAAAMwAAAAtz\nc2gtZWQyNTUxOQAAACAiuu7betcbISmcOXadwCKw1DKN0QhQaOWfAEsQBV+E0AAA\nAIjjTs1Q407NUAAAAAtzc2gtZWQyNTUxOQAAACAiuu7betcbISmcOXadwCKw1DKN\n0QhQaOWfAEsQBV+E0AAAAEBkDgS2HP8xZjFi+3ZjDpXj4JN79jdHLItnckKbsP/R\nbSK67tt61xshKZw5dp3AIrDUMo3RCFBo5Z8ASxAFX4TQAAAAAAECAwQF\n-----END OPENSSH PRIVATE KEY-----\n",
            "content_base64": null,
            "content_base64sha256": "QzAL4t42sb9LQu9A3IDqXar1NlvjINrf3N7iJK7nYuo=",
            "content_base64sha512": "+btk0zWnWQtTV6vRJyahmVCk3vlnz+uQTl+gCjsnO5uE2whrdpgu3RNHbzzNi26B5NWEwFFVVGvXxMCbDyc2kA==",
            "content_md5": "13b310888f2c8804836253edc9d4cc96",
            "content_sha1": "5d6523c76fc1bcdbd1ac9f15e28d7d66a0912604",
            "content_sha256": "43300be2de36b1bf4b42ef40dc80ea5daaf5365be320dadfdcdee224aee762ea",
            "content_sha512": "f9bb64d335a7590b5357abd12726a19950a4def967cfeb904e5fa00a3b273b9b84db086b76982edd13476f3ccd8b6e81e4d584c05155546bd7c4c09b0f273690",
            "directory_permission": "0777",
            "file_permission": "0777",
            "filename": "/home/kiriti/.ssh/skillpact",
            "id": "5d6523c76fc1bcdbd1ac9f15e28d7d66a0912604",
            "sensitive_content": null,
            "source": null
          },
          "sensitive_attributes": [
            [
              {
                "type": "get_attr",
                "value": "content"
              }
            ]
          ],
          "dependencies": [
            "tls_private_key.ed25519_key"
          ]
        }
      ]
    },
    {
      "mode": "managed",
      "type": "null_resource",
      "name": "boot_finished",
      "provider": "provider[\"registry.terraform.io/hashicorp/null\"]",
      "instances": [
        {
          "status": "tainted",
          "schema_version": 0,
          "attributes": {
            "id": "3078418738100436691",
            "triggers": null
          },
          "sensitive_attributes": [],
          "dependencies": [
            "aws_key_pair.key_pair",
            "data.aws_iam_instance_profile.existing_instance_profile",
            "data.aws_security_group.existing_sg",
            "data.aws_subnets.existing_vpc_subnets",
            "data.aws_vpc.existing_vpc",
            "module.ec2_instance.aws_iam_instance_profile.this",
            "module.ec2_instance.aws_iam_role.this",
            "module.ec2_instance.aws_instance.ignore_ami",
            "module.ec2_instance.aws_instance.this",
            "module.ec2_instance.aws_spot_instance_request.this",
            "module.ec2_instance.data.aws_iam_policy_document.assume_role_policy",
            "module.ec2_instance.data.aws_partition.current",
            "module.ec2_instance.data.aws_ssm_parameter.this",
            "tls_private_key.ed25519_key"
          ]
        }
      ]
    },
    {
      "mode": "managed",
      "type": "tls_private_key",
      "name": "ed25519_key",
      "provider": "provider[\"registry.terraform.io/hashicorp/tls\"]",
      "instances": [
        {
          "schema_version": 1,
          "attributes": {
            "algorithm": "ED25519",
            "ecdsa_curve": "P224",
            "id": "a63e5dab35cae08cd07f7837124fe0bd4f48300e",
            "private_key_openssh": "-----BEGIN OPENSSH PRIVATE KEY-----\nb3BlbnNzaC1rZXktdjEAAAAABG5vbmUAAAAEbm9uZQAAAAAAAAABAAAAMwAAAAtz\nc2gtZWQyNTUxOQAAACAiuu7betcbISmcOXadwCKw1DKN0QhQaOWfAEsQBV+E0AAA\nAIjjTs1Q407NUAAAAAtzc2gtZWQyNTUxOQAAACAiuu7betcbISmcOXadwCKw1DKN\n0QhQaOWfAEsQBV+E0AAAAEBkDgS2HP8xZjFi+3ZjDpXj4JN79jdHLItnckKbsP/R\nbSK67tt61xshKZw5dp3AIrDUMo3RCFBo5Z8ASxAFX4TQAAAAAAECAwQF\n-----END OPENSSH PRIVATE KEY-----\n",
            "private_key_pem": "-----BEGIN PRIVATE KEY-----\nMC4CAQAwBQYDK2VwBCIEIGQOBLYc/zFmMWL7dmMOlePgk3v2N0csi2dyQpuw/9Ft\n-----END PRIVATE KEY-----\n",
            "private_key_pem_pkcs8": "-----BEGIN PRIVATE KEY-----\nMC4CAQAwBQYDK2VwBCIEIGQOBLYc/zFmMWL7dmMOlePgk3v2N0csi2dyQpuw/9Ft\n-----END PRIVATE KEY-----\n",
            "public_key_fingerprint_md5": "0e:38:f0:eb:32:cb:d3:b1:6d:a6:ca:82:5e:9d:f9:31",
            "public_key_fingerprint_sha256": "SHA256:3jDalQytkT96E8spx9nSM8sy3STUHk+YSdTCd5Wn5u0",
            "public_key_openssh": "ssh-ed25519 AAAAC3NzaC1lZDI1NTE5AAAAICK67tt61xshKZw5dp3AIrDUMo3RCFBo5Z8ASxAFX4TQ\n",
            "public_key_pem": "-----BEGIN PUBLIC KEY-----\nMCowBQYDK2VwAyEAIrru23rXGyEpnDl2ncAisNQyjdEIUGjlnwBLEAVfhNA=\n-----END PUBLIC KEY-----\n",
            "rsa_bits": 2048
          },
          "sensitive_attributes": []
        }
      ]
    },
    {
      "mode": "managed",
      "type": "tls_private_key",
      "name": "rsa_4096",
      "provider": "provider[\"registry.terraform.io/hashicorp/tls\"]",
      "instances": [
        {
          "schema_version": 1,
          "attributes": {
            "algorithm": "RSA",
            "ecdsa_curve": "P224",
            "id": "3a431028281c1e5175f9525e2cf216fea953e9f2",
            "private_key_openssh": "-----BEGIN OPENSSH PRIVATE KEY-----\nb3BlbnNzaC1rZXktdjEAAAAABG5vbmUAAAAEbm9uZQAAAAAAAAABAAACFwAAAAdz\nc2gtcnNhAAAAAwEAAQAAAgEAtJ3jwGaBfG80y/DWMIt9VxJJz1tS73TrlXIWro6Y\nsMun7ccVLe76BwquDMmrV1DHIB6YVKJ7LuvuaK+4NkNo28/ResGEZWuo1BMLDENZ\nmdp+xTWr00s3FF1iYmnaN85/fFOqVEJxu52ad3gEh7tyw1IR3NfQjBChhLwFiq9m\nrXaT7XdRHQ1+Olz6MLPZCotRiQe8MxOzvtmeDICO3HZCvogN494i8927JMtdz6eQ\nh4pgf552SSmEgeyCukQJtH6NtWRM2VFy0KlX4C531DKk2LRLaXyJdl5fO/qSxed8\nEPzbas3X91HohWx4jA4W/0wQvuWM8Qf/gDdmRxu7r+LMty6wtfa1WlaKQtLQN6kD\nnKlE8853eNcs6jteqYgabhnRBXo8qd7jROZq+FRDpdiHnOQf4wiWHrg1X12QnYn+\n90lJy6Xcr/hUl2+TdV0MtOjDmOZYV+K3hr4ndok0GsraZS2VWX/e/BHhRRheULHq\n6u5Kq2vi0e8Jh5Jzd69a/MdSp/vrocf+ZPWR64qNwSK/wSD6rOS6/JXXX/F4u3hQ\nas+aQoFlARGCkK/2BoN9K0yQhEKHm4NbAMK3ahjP5PkCFe3DP30JVeC3jWSFaNFM\nKBhYjx3JwzuW0H8mAInzUMiY1eLWgyXUptcZfYwaTF8iwkJd4yWj+yc79MlaV8mZ\nJsUAAAc4hNpWZoTaVmYAAAAHc3NoLXJzYQAAAgEAtJ3jwGaBfG80y/DWMIt9VxJJ\nz1tS73TrlXIWro6YsMun7ccVLe76BwquDMmrV1DHIB6YVKJ7LuvuaK+4NkNo28/R\nesGEZWuo1BMLDENZmdp+xTWr00s3FF1iYmnaN85/fFOqVEJxu52ad3gEh7tyw1IR\n3NfQjBChhLwFiq9mrXaT7XdRHQ1+Olz6MLPZCotRiQe8MxOzvtmeDICO3HZCvogN\n494i8927JMtdz6eQh4pgf552SSmEgeyCukQJtH6NtWRM2VFy0KlX4C531DKk2LRL\naXyJdl5fO/qSxed8EPzbas3X91HohWx4jA4W/0wQvuWM8Qf/gDdmRxu7r+LMty6w\ntfa1WlaKQtLQN6kDnKlE8853eNcs6jteqYgabhnRBXo8qd7jROZq+FRDpdiHnOQf\n4wiWHrg1X12QnYn+90lJy6Xcr/hUl2+TdV0MtOjDmOZYV+K3hr4ndok0GsraZS2V\nWX/e/BHhRRheULHq6u5Kq2vi0e8Jh5Jzd69a/MdSp/vrocf+ZPWR64qNwSK/wSD6\nrOS6/JXXX/F4u3hQas+aQoFlARGCkK/2BoN9K0yQhEKHm4NbAMK3ahjP5PkCFe3D\nP30JVeC3jWSFaNFMKBhYjx3JwzuW0H8mAInzUMiY1eLWgyXUptcZfYwaTF8iwkJd\n4yWj+yc79MlaV8mZJsUAAAADAQABAAACAQCnsxnuYL7FfLO20Azv0fQ0zkQ+BXtB\n3nuGrQGmXbwkG1P2kKx3k7YOp7nnIbC3R8c7aWzi2GIrtOANz2no6DoKLjFAG0IE\nsSt2jZ/qaPZexeKC1UyOyP2BKRvaaJI20sLH+x7hUTgsjS8I0iTSqhbqh98SAEgg\nZKizh6hVlnptgPXkvK5RnV+gbQfYBIT3J1gzNT1m51ozT/dRgGQlCqD6K3VKJ8yo\nRS4oAbM+xUSKtM7Yb5dAYw4nXCQdMmMYdZC55UD9XoSOfU2cV0jne4ZXtz912C4B\n+6nNFOEGY+JsG3rW9f0aI7ETgR2EXOi5bjT2Kkjs2xI+SDHswDFKI/kSZMblXfSm\nki+ltk7IAGK0VuxWfyF4NS3rZMYvJvezT4zrrusXuaDYOLR5qoxfvwwA+Zm9IUMm\n+2uwl/MpxvZQEYNEJKxLsKd0vyL7jRfouqivxpvHlCpd/4ykC0UPwM3gXKehJA7Q\naJcM/IdEAYj+B6W/+7fMCS+5gnX3N33GMw9khzLlswjVKOc861+hSRQZTDjJJZEx\nKgkvUdR1eYGy/8GaHqCr/BbLVQQCth2xHMkKUwVfqFeW5JbIjk2vvqIu+nRneFeE\nqLnoR3kmnfe7UdMel0ykUNLxNnaHd3NwXYf4Q3yO1eTyvhdNeKXN8o0tWy/6gWMJ\n5TAQHN8Ps+loGQAAAQB7efMcoeESm5JqHpydn12/UC57O8EwBBTegUkwPyfsb+Vj\nKlS8cE1hNNjDV+FSUQCZXn1YEE9pmNObxX6rBWJPC4YSw8n06iEpMqIp2DelWmZ5\nkbxewrQeHASLJ7CDJi/sVw47E+2/K8rhPGoU8rnELwpsWVS2I6cdlzBjC7y54pez\nfSH/712Lf1FUPvJgrrEAS4LwsQ6YaS4ExC+N3UoOZF0bns3wj2sxUT3cuIZDMPlm\nga/diAcj3nJJajg5NxztZWgjXNdfa3OGWYLjNkkDUGIdoJRY0RkyBjtpu9ps//L8\niQqDKjY53B2LCVP4/eCfvrQXXZlOvbjO1Wdqp4MFAAABAQDNN4b192b3gAFlJj/v\nnJJQv/D/16GwZcPfvHmdWNJqiGps/PReGBbR0yf9eSFawBb0MBSt8buUQWm9urBu\numpMCyWXe9KZAp/5vRHkfJBiKeipy8DL32WVsF9rdINkd+7YQ9zdG1i7bWPyZklL\nsQaQSsN2VMbIlGMHjQESXnEjVhShE5bbPDpdWacq/vauaKPkeBgh6dFA/2GCn711\nCU3a81YxkxboOGf/TOvYQDKIQc6YFKWBngEHZ7jN/8xCClIGlLN+DYdjLLbEBHEk\ngkOjf/zm2u6MKih0LjnvngF8XchmmZCXAy1uaBI1GRZgkCb0CTtNSta1aK47ONwO\no1eHAAABAQDhT/IBWQVbbfJYGLAdc7WEHD/Av+asPgwrlQtrihcsda7zrM/2Z25b\nn0i1Ej8tmidyvWb/woi5Vaw4keygWo7KZHrkVMOA2H6L9Zf7tT/vx4sqtGWMC4Fq\nhZkUztVhBsBvLvKclqMljU8MDWG4v20aQiTJhk23/UwdDCsdkS6z9VdXv/uerE4/\nFCvToODiMHu78RhQgngDPfNdOJAZYHRQQRIOf2uCMKzK8vbu/LDmUz18ivawhRLM\nH8TtHtgeOfPTyAvULUCTnDe+2Phz6FrE+M/20goMyElCmERrYxFQsFJBnQTKFpxK\nIfocb97/y+HOdJr7ibysE5Z3/P9KI4pTAAAAAAEC\n-----END OPENSSH PRIVATE KEY-----\n",
            "private_key_pem": "-----BEGIN RSA PRIVATE KEY-----\nMIIJKQIBAAKCAgEAtJ3jwGaBfG80y/DWMIt9VxJJz1tS73TrlXIWro6YsMun7ccV\nLe76BwquDMmrV1DHIB6YVKJ7LuvuaK+4NkNo28/ResGEZWuo1BMLDENZmdp+xTWr\n00s3FF1iYmnaN85/fFOqVEJxu52ad3gEh7tyw1IR3NfQjBChhLwFiq9mrXaT7XdR\nHQ1+Olz6MLPZCotRiQe8MxOzvtmeDICO3HZCvogN494i8927JMtdz6eQh4pgf552\nSSmEgeyCukQJtH6NtWRM2VFy0KlX4C531DKk2LRLaXyJdl5fO/qSxed8EPzbas3X\n91HohWx4jA4W/0wQvuWM8Qf/gDdmRxu7r+LMty6wtfa1WlaKQtLQN6kDnKlE8853\neNcs6jteqYgabhnRBXo8qd7jROZq+FRDpdiHnOQf4wiWHrg1X12QnYn+90lJy6Xc\nr/hUl2+TdV0MtOjDmOZYV+K3hr4ndok0GsraZS2VWX/e/BHhRRheULHq6u5Kq2vi\n0e8Jh5Jzd69a/MdSp/vrocf+ZPWR64qNwSK/wSD6rOS6/JXXX/F4u3hQas+aQoFl\nARGCkK/2BoN9K0yQhEKHm4NbAMK3ahjP5PkCFe3DP30JVeC3jWSFaNFMKBhYjx3J\nwzuW0H8mAInzUMiY1eLWgyXUptcZfYwaTF8iwkJd4yWj+yc79MlaV8mZJsUCAwEA\nAQKCAgEAp7MZ7mC+xXyzttAM79H0NM5EPgV7Qd57hq0Bpl28JBtT9pCsd5O2Dqe5\n5yGwt0fHO2ls4thiK7TgDc9p6Og6Ci4xQBtCBLErdo2f6mj2XsXigtVMjsj9gSkb\n2miSNtLCx/se4VE4LI0vCNIk0qoW6offEgBIIGSos4eoVZZ6bYD15LyuUZ1foG0H\n2ASE9ydYMzU9ZudaM0/3UYBkJQqg+it1SifMqEUuKAGzPsVEirTO2G+XQGMOJ1wk\nHTJjGHWQueVA/V6Ejn1NnFdI53uGV7c/ddguAfupzRThBmPibBt61vX9GiOxE4Ed\nhFzouW409ipI7NsSPkgx7MAxSiP5EmTG5V30ppIvpbZOyABitFbsVn8heDUt62TG\nLyb3s0+M667rF7mg2Di0eaqMX78MAPmZvSFDJvtrsJfzKcb2UBGDRCSsS7CndL8i\n+40X6Lqor8abx5QqXf+MpAtFD8DN4FynoSQO0GiXDPyHRAGI/gelv/u3zAkvuYJ1\n9zd9xjMPZIcy5bMI1SjnPOtfoUkUGUw4ySWRMSoJL1HUdXmBsv/Bmh6gq/wWy1UE\nArYdsRzJClMFX6hXluSWyI5Nr76iLvp0Z3hXhKi56Ed5Jp33u1HTHpdMpFDS8TZ2\nh3dzcF2H+EN8jtXk8r4XTXilzfKNLVsv+oFjCeUwEBzfD7PpaBkCggEBAM03hvX3\nZveAAWUmP++cklC/8P/XobBlw9+8eZ1Y0mqIamz89F4YFtHTJ/15IVrAFvQwFK3x\nu5RBab26sG66akwLJZd70pkCn/m9EeR8kGIp6KnLwMvfZZWwX2t0g2R37thD3N0b\nWLttY/JmSUuxBpBKw3ZUxsiUYweNARJecSNWFKETlts8Ol1Zpyr+9q5oo+R4GCHp\n0UD/YYKfvXUJTdrzVjGTFug4Z/9M69hAMohBzpgUpYGeAQdnuM3/zEIKUgaUs34N\nh2MstsQEcSSCQ6N//Oba7owqKHQuOe+eAXxdyGaZkJcDLW5oEjUZFmCQJvQJO01K\n1rVorjs43A6jV4cCggEBAOFP8gFZBVtt8lgYsB1ztYQcP8C/5qw+DCuVC2uKFyx1\nrvOsz/ZnblufSLUSPy2aJ3K9Zv/CiLlVrDiR7KBajspkeuRUw4DYfov1l/u1P+/H\niyq0ZYwLgWqFmRTO1WEGwG8u8pyWoyWNTwwNYbi/bRpCJMmGTbf9TB0MKx2RLrP1\nV1e/+56sTj8UK9Og4OIwe7vxGFCCeAM98104kBlgdFBBEg5/a4IwrMry9u78sOZT\nPXyK9rCFEswfxO0e2B4589PIC9QtQJOcN77Y+HPoWsT4z/bSCgzISUKYRGtjEVCw\nUkGdBMoWnEoh+hxv3v/L4c50mvuJvKwTlnf8/0ojilMCggEBAJgDQ8O7idhYR7BH\njyDNGE0cgUbi0fC60UdQc72sZ+FmP3+QOOviaDTxdzP5oE168QXc/9SBtfNyKQPT\n4JGFIOxHbYcyv6N8IEh8V16rLsCoTqJIPf5G8xbY2TXdzt6DQLeOPXLDqQzdUSXj\nwvOApF4KI5Pp5H37/QdA2cRjlOcaApn2ys6HZKx1lrDwwIYdGRpKI4Yrj0fYZMC/\n1zV0uOkxS23ZiSRndBHXRvSfSU9Jf+GDmb3T7usvV+OwUfuxbWVWjUcYemtqWdAF\nglIK9FOOoSXYks/dAq5c96mZn3widCocItDaF7MrACG4/ax124T1uandgAJNEpLn\n4YouUM0CggEAaOC3u5zee4KgLhW/1NXJhmdH3cb17vMq4xaLrFEpHE7jUxX776yR\nmCB6zZ5ivi1lc2lqil7ZGbwhYGu8g5/jm55N/f7eyhj8PtXhGw9xZYGy6/vw0NGC\nOj1Z1m+4r2NfK+HkmLMd2hr+0pNgC4k/ldt4GD5l6uEDDvpdD3RHEwl+0J/S1jdK\nbN5M0EOwqlj7H67ILKGuj4PExn3PxaA6RCkl6I2zU3So2gdinjgNeAkDM/fTgLNQ\n3qdjGSUkYF2Fe+1AZFF0H8G1ySZh8EIWDl3rH+8BMpYAU/lgz8PbiX2prFUUp6UC\ntxc9vwLsAJG82Ec65R9mLYsonU2s36vPdQKCAQB7efMcoeESm5JqHpydn12/UC57\nO8EwBBTegUkwPyfsb+VjKlS8cE1hNNjDV+FSUQCZXn1YEE9pmNObxX6rBWJPC4YS\nw8n06iEpMqIp2DelWmZ5kbxewrQeHASLJ7CDJi/sVw47E+2/K8rhPGoU8rnELwps\nWVS2I6cdlzBjC7y54pezfSH/712Lf1FUPvJgrrEAS4LwsQ6YaS4ExC+N3UoOZF0b\nns3wj2sxUT3cuIZDMPlmga/diAcj3nJJajg5NxztZWgjXNdfa3OGWYLjNkkDUGId\noJRY0RkyBjtpu9ps//L8iQqDKjY53B2LCVP4/eCfvrQXXZlOvbjO1Wdqp4MF\n-----END RSA PRIVATE KEY-----\n",
            "private_key_pem_pkcs8": "-----BEGIN PRIVATE KEY-----\nMIIJQwIBADANBgkqhkiG9w0BAQEFAASCCS0wggkpAgEAAoICAQC0nePAZoF8bzTL\n8NYwi31XEknPW1LvdOuVchaujpiwy6ftxxUt7voHCq4MyatXUMcgHphUonsu6+5o\nr7g2Q2jbz9F6wYRla6jUEwsMQ1mZ2n7FNavTSzcUXWJiado3zn98U6pUQnG7nZp3\neASHu3LDUhHc19CMEKGEvAWKr2atdpPtd1EdDX46XPows9kKi1GJB7wzE7O+2Z4M\ngI7cdkK+iA3j3iLz3bsky13Pp5CHimB/nnZJKYSB7IK6RAm0fo21ZEzZUXLQqVfg\nLnfUMqTYtEtpfIl2Xl87+pLF53wQ/Ntqzdf3UeiFbHiMDhb/TBC+5YzxB/+AN2ZH\nG7uv4sy3LrC19rVaVopC0tA3qQOcqUTzznd41yzqO16piBpuGdEFejyp3uNE5mr4\nVEOl2Iec5B/jCJYeuDVfXZCdif73SUnLpdyv+FSXb5N1XQy06MOY5lhX4reGvid2\niTQaytplLZVZf978EeFFGF5Qserq7kqra+LR7wmHknN3r1r8x1Kn++uhx/5k9ZHr\nio3BIr/BIPqs5Lr8lddf8Xi7eFBqz5pCgWUBEYKQr/YGg30rTJCEQoebg1sAwrdq\nGM/k+QIV7cM/fQlV4LeNZIVo0UwoGFiPHcnDO5bQfyYAifNQyJjV4taDJdSm1xl9\njBpMXyLCQl3jJaP7Jzv0yVpXyZkmxQIDAQABAoICAQCnsxnuYL7FfLO20Azv0fQ0\nzkQ+BXtB3nuGrQGmXbwkG1P2kKx3k7YOp7nnIbC3R8c7aWzi2GIrtOANz2no6DoK\nLjFAG0IEsSt2jZ/qaPZexeKC1UyOyP2BKRvaaJI20sLH+x7hUTgsjS8I0iTSqhbq\nh98SAEggZKizh6hVlnptgPXkvK5RnV+gbQfYBIT3J1gzNT1m51ozT/dRgGQlCqD6\nK3VKJ8yoRS4oAbM+xUSKtM7Yb5dAYw4nXCQdMmMYdZC55UD9XoSOfU2cV0jne4ZX\ntz912C4B+6nNFOEGY+JsG3rW9f0aI7ETgR2EXOi5bjT2Kkjs2xI+SDHswDFKI/kS\nZMblXfSmki+ltk7IAGK0VuxWfyF4NS3rZMYvJvezT4zrrusXuaDYOLR5qoxfvwwA\n+Zm9IUMm+2uwl/MpxvZQEYNEJKxLsKd0vyL7jRfouqivxpvHlCpd/4ykC0UPwM3g\nXKehJA7QaJcM/IdEAYj+B6W/+7fMCS+5gnX3N33GMw9khzLlswjVKOc861+hSRQZ\nTDjJJZExKgkvUdR1eYGy/8GaHqCr/BbLVQQCth2xHMkKUwVfqFeW5JbIjk2vvqIu\n+nRneFeEqLnoR3kmnfe7UdMel0ykUNLxNnaHd3NwXYf4Q3yO1eTyvhdNeKXN8o0t\nWy/6gWMJ5TAQHN8Ps+loGQKCAQEAzTeG9fdm94ABZSY/75ySUL/w/9ehsGXD37x5\nnVjSaohqbPz0XhgW0dMn/XkhWsAW9DAUrfG7lEFpvbqwbrpqTAsll3vSmQKf+b0R\n5HyQYinoqcvAy99llbBfa3SDZHfu2EPc3RtYu21j8mZJS7EGkErDdlTGyJRjB40B\nEl5xI1YUoROW2zw6XVmnKv72rmij5HgYIenRQP9hgp+9dQlN2vNWMZMW6Dhn/0zr\n2EAyiEHOmBSlgZ4BB2e4zf/MQgpSBpSzfg2HYyy2xARxJIJDo3/85trujCoodC45\n754BfF3IZpmQlwMtbmgSNRkWYJAm9Ak7TUrWtWiuOzjcDqNXhwKCAQEA4U/yAVkF\nW23yWBiwHXO1hBw/wL/mrD4MK5ULa4oXLHWu86zP9mduW59ItRI/LZoncr1m/8KI\nuVWsOJHsoFqOymR65FTDgNh+i/WX+7U/78eLKrRljAuBaoWZFM7VYQbAby7ynJaj\nJY1PDA1huL9tGkIkyYZNt/1MHQwrHZEus/VXV7/7nqxOPxQr06Dg4jB7u/EYUIJ4\nAz3zXTiQGWB0UEESDn9rgjCsyvL27vyw5lM9fIr2sIUSzB/E7R7YHjnz08gL1C1A\nk5w3vtj4c+haxPjP9tIKDMhJQphEa2MRULBSQZ0EyhacSiH6HG/e/8vhznSa+4m8\nrBOWd/z/SiOKUwKCAQEAmANDw7uJ2FhHsEePIM0YTRyBRuLR8LrRR1Bzvaxn4WY/\nf5A46+JoNPF3M/mgTXrxBdz/1IG183IpA9PgkYUg7EdthzK/o3wgSHxXXqsuwKhO\nokg9/kbzFtjZNd3O3oNAt449csOpDN1RJePC84CkXgojk+nkffv9B0DZxGOU5xoC\nmfbKzodkrHWWsPDAhh0ZGkojhiuPR9hkwL/XNXS46TFLbdmJJGd0EddG9J9JT0l/\n4YOZvdPu6y9X47BR+7FtZVaNRxh6a2pZ0AWCUgr0U46hJdiSz90Crlz3qZmffCJ0\nKhwi0NoXsysAIbj9rHXbhPW5qd2AAk0Skufhii5QzQKCAQBo4Le7nN57gqAuFb/U\n1cmGZ0fdxvXu8yrjFousUSkcTuNTFfvvrJGYIHrNnmK+LWVzaWqKXtkZvCFga7yD\nn+Obnk39/t7KGPw+1eEbD3FlgbLr+/DQ0YI6PVnWb7ivY18r4eSYsx3aGv7Sk2AL\niT+V23gYPmXq4QMO+l0PdEcTCX7Qn9LWN0ps3kzQQ7CqWPsfrsgsoa6Pg8TGfc/F\noDpEKSXojbNTdKjaB2KeOA14CQMz99OAs1Dep2MZJSRgXYV77UBkUXQfwbXJJmHw\nQhYOXesf7wEylgBT+WDPw9uJfamsVRSnpQK3Fz2/AuwAkbzYRzrlH2YtiyidTazf\nq891AoIBAHt58xyh4RKbkmoenJ2fXb9QLns7wTAEFN6BSTA/J+xv5WMqVLxwTWE0\n2MNX4VJRAJlefVgQT2mY05vFfqsFYk8LhhLDyfTqISkyoinYN6VaZnmRvF7CtB4c\nBIsnsIMmL+xXDjsT7b8ryuE8ahTyucQvCmxZVLYjpx2XMGMLvLnil7N9If/vXYt/\nUVQ+8mCusQBLgvCxDphpLgTEL43dSg5kXRuezfCPazFRPdy4hkMw+WaBr92IByPe\ncklqODk3HO1laCNc119rc4ZZguM2SQNQYh2glFjRGTIGO2m72mz/8vyJCoMqNjnc\nHYsJU/j94J++tBddmU69uM7VZ2qngwU=\n-----END PRIVATE KEY-----\n",
            "public_key_fingerprint_md5": "c2:09:1d:9f:2b:01:98:f1:84:6a:77:c7:e8:21:60:e0",
            "public_key_fingerprint_sha256": "SHA256:SUhVPnghEqxceQjePTuE1YBZxf2mgHnldv/qYdWge80",
            "public_key_openssh": "ssh-rsa AAAAB3NzaC1yc2EAAAADAQABAAACAQC0nePAZoF8bzTL8NYwi31XEknPW1LvdOuVchaujpiwy6ftxxUt7voHCq4MyatXUMcgHphUonsu6+5or7g2Q2jbz9F6wYRla6jUEwsMQ1mZ2n7FNavTSzcUXWJiado3zn98U6pUQnG7nZp3eASHu3LDUhHc19CMEKGEvAWKr2atdpPtd1EdDX46XPows9kKi1GJB7wzE7O+2Z4MgI7cdkK+iA3j3iLz3bsky13Pp5CHimB/nnZJKYSB7IK6RAm0fo21ZEzZUXLQqVfgLnfUMqTYtEtpfIl2Xl87+pLF53wQ/Ntqzdf3UeiFbHiMDhb/TBC+5YzxB/+AN2ZHG7uv4sy3LrC19rVaVopC0tA3qQOcqUTzznd41yzqO16piBpuGdEFejyp3uNE5mr4VEOl2Iec5B/jCJYeuDVfXZCdif73SUnLpdyv+FSXb5N1XQy06MOY5lhX4reGvid2iTQaytplLZVZf978EeFFGF5Qserq7kqra+LR7wmHknN3r1r8x1Kn++uhx/5k9ZHrio3BIr/BIPqs5Lr8lddf8Xi7eFBqz5pCgWUBEYKQr/YGg30rTJCEQoebg1sAwrdqGM/k+QIV7cM/fQlV4LeNZIVo0UwoGFiPHcnDO5bQfyYAifNQyJjV4taDJdSm1xl9jBpMXyLCQl3jJaP7Jzv0yVpXyZkmxQ==\n",
            "public_key_pem": "-----BEGIN PUBLIC KEY-----\nMIICIjANBgkqhkiG9w0BAQEFAAOCAg8AMIICCgKCAgEAtJ3jwGaBfG80y/DWMIt9\nVxJJz1tS73TrlXIWro6YsMun7ccVLe76BwquDMmrV1DHIB6YVKJ7LuvuaK+4NkNo\n28/ResGEZWuo1BMLDENZmdp+xTWr00s3FF1iYmnaN85/fFOqVEJxu52ad3gEh7ty\nw1IR3NfQjBChhLwFiq9mrXaT7XdRHQ1+Olz6MLPZCotRiQe8MxOzvtmeDICO3HZC\nvogN494i8927JMtdz6eQh4pgf552SSmEgeyCukQJtH6NtWRM2VFy0KlX4C531DKk\n2LRLaXyJdl5fO/qSxed8EPzbas3X91HohWx4jA4W/0wQvuWM8Qf/gDdmRxu7r+LM\nty6wtfa1WlaKQtLQN6kDnKlE8853eNcs6jteqYgabhnRBXo8qd7jROZq+FRDpdiH\nnOQf4wiWHrg1X12QnYn+90lJy6Xcr/hUl2+TdV0MtOjDmOZYV+K3hr4ndok0Gsra\nZS2VWX/e/BHhRRheULHq6u5Kq2vi0e8Jh5Jzd69a/MdSp/vrocf+ZPWR64qNwSK/\nwSD6rOS6/JXXX/F4u3hQas+aQoFlARGCkK/2BoN9K0yQhEKHm4NbAMK3ahjP5PkC\nFe3DP30JVeC3jWSFaNFMKBhYjx3JwzuW0H8mAInzUMiY1eLWgyXUptcZfYwaTF8i\nwkJd4yWj+yc79MlaV8mZJsUCAwEAAQ==\n-----END PUBLIC KEY-----\n",
            "rsa_bits": 4096
          },
          "sensitive_attributes": []
        }
      ]
    },
    {
      "module": "module.ec2_instance",
      "mode": "data",
      "type": "aws_iam_policy_document",
      "name": "assume_role_policy",
      "provider": "provider[\"registry.terraform.io/hashicorp/aws\"]",
      "instances": []
    },
    {
      "module": "module.ec2_instance",
      "mode": "data",
      "type": "aws_partition",
      "name": "current",
      "provider": "provider[\"registry.terraform.io/hashicorp/aws\"]",
      "instances": [
        {
          "schema_version": 0,
          "attributes": {
            "dns_suffix": "amazonaws.com",
            "id": "aws",
            "partition": "aws",
            "reverse_dns_prefix": "com.amazonaws"
          },
          "sensitive_attributes": []
        }
      ]
    },
    {
      "module": "module.ec2_instance",
      "mode": "data",
      "type": "aws_ssm_parameter",
      "name": "this",
      "provider": "provider[\"registry.terraform.io/hashicorp/aws\"]",
      "instances": []
    },
    {
      "module": "module.ec2_instance",
      "mode": "managed",
      "type": "aws_iam_instance_profile",
      "name": "this",
      "provider": "provider[\"registry.terraform.io/hashicorp/aws\"]",
      "instances": []
    },
    {
      "module": "module.ec2_instance",
      "mode": "managed",
      "type": "aws_iam_role",
      "name": "this",
      "provider": "provider[\"registry.terraform.io/hashicorp/aws\"]",
      "instances": []
    },
    {
      "module": "module.ec2_instance",
      "mode": "managed",
      "type": "aws_instance",
      "name": "ignore_ami",
      "provider": "provider[\"registry.terraform.io/hashicorp/aws\"]",
      "instances": []
    },
    {
      "module": "module.ec2_instance",
      "mode": "managed",
      "type": "aws_instance",
      "name": "this",
      "provider": "provider[\"registry.terraform.io/hashicorp/aws\"]",
      "instances": [
        {
          "index_key": 0,
          "schema_version": 1,
          "attributes": {
            "ami": "ami-0770726357cfe8240",
            "arn": "arn:aws:ec2:ap-south-1:238369675568:instance/i-076807e6c05e1a4b7",
            "associate_public_ip_address": true,
            "availability_zone": "ap-south-1b",
            "capacity_reservation_specification": [
              {
                "capacity_reservation_preference": "open",
                "capacity_reservation_target": []
              }
            ],
            "cpu_core_count": 1,
            "cpu_options": [
              {
                "amd_sev_snp": "",
                "core_count": 1,
                "threads_per_core": 1
              }
            ],
            "cpu_threads_per_core": 1,
            "credit_specification": [
              {
                "cpu_credits": "standard"
              }
            ],
            "disable_api_stop": false,
            "disable_api_termination": false,
            "ebs_block_device": [],
            "ebs_optimized": false,
            "enclave_options": [
              {
                "enabled": false
              }
            ],
            "ephemeral_block_device": [],
            "get_password_data": false,
            "hibernation": false,
            "host_id": "",
            "host_resource_group_arn": null,
            "iam_instance_profile": "skillpact-ec2-instance-profile",
            "id": "i-076807e6c05e1a4b7",
            "instance_initiated_shutdown_behavior": "stop",
            "instance_lifecycle": "",
            "instance_market_options": [],
            "instance_state": "running",
            "instance_type": "t2.micro",
            "ipv6_address_count": 0,
            "ipv6_addresses": [],
            "key_name": "skillpact",
            "launch_template": [],
            "maintenance_options": [
              {
                "auto_recovery": "default"
              }
            ],
            "metadata_options": [
              {
                "http_endpoint": "enabled",
                "http_put_response_hop_limit": 1,
                "http_tokens": "optional",
                "instance_metadata_tags": "disabled"
              }
            ],
            "monitoring": true,
            "network_interface": [],
            "outpost_arn": "",
            "password_data": "",
            "placement_group": "",
            "placement_partition_number": 0,
            "primary_network_interface_id": "eni-0c6e5081f08404497",
            "private_dns": "ip-10-0-4-90.ap-south-1.compute.internal",
            "private_dns_name_options": [
              {
                "enable_resource_name_dns_a_record": false,
                "enable_resource_name_dns_aaaa_record": false,
                "hostname_type": "ip-name"
              }
            ],
            "private_ip": "10.0.4.90",
            "public_dns": "ec2-13-201-85-44.ap-south-1.compute.amazonaws.com",
            "public_ip": "13.201.85.44",
            "root_block_device": [
              {
                "delete_on_termination": true,
                "device_name": "/dev/xvda",
                "encrypted": false,
                "iops": 100,
                "kms_key_id": "",
                "tags": {},
                "throughput": 0,
                "volume_id": "vol-05268ebd53d49c385",
                "volume_size": 8,
                "volume_type": "gp2"
              }
            ],
            "secondary_private_ips": [],
            "security_groups": [],
            "source_dest_check": true,
            "spot_instance_request_id": "",
            "subnet_id": "subnet-06fe5f83df994c34a",
            "tags": {
              "Environment": "dev",
              "Name": "nextjs-standalone-webserver",
              "Terraform": "true"
            },
            "tags_all": {
              "Environment": "dev",
              "Name": "nextjs-standalone-webserver",
              "Terraform": "true"
            },
            "tenancy": "default",
            "timeouts": {
              "create": null,
              "delete": null,
              "update": null
            },
            "user_data": "449e0f131cf2d37a53b518831fd74d5fdfbe750b",
            "user_data_base64": null,
            "user_data_replace_on_change": false,
            "volume_tags": {
              "Name": "nextjs-standalone-webserver"
            },
            "vpc_security_group_ids": [
              "sg-0d28c3dfbcf767f65"
            ]
          },
          "sensitive_attributes": [],
          "private": "eyJlMmJmYjczMC1lY2FhLTExZTYtOGY4OC0zNDM2M2JjN2M0YzAiOnsiY3JlYXRlIjo2MDAwMDAwMDAwMDAsImRlbGV0ZSI6MTIwMDAwMDAwMDAwMCwidXBkYXRlIjo2MDAwMDAwMDAwMDB9LCJzY2hlbWFfdmVyc2lvbiI6IjEifQ==",
          "dependencies": [
            "aws_key_pair.key_pair",
            "data.aws_iam_instance_profile.existing_instance_profile",
            "data.aws_security_group.existing_sg",
            "data.aws_subnets.existing_vpc_subnets",
            "data.aws_vpc.existing_vpc",
            "module.ec2_instance.aws_iam_instance_profile.this",
            "module.ec2_instance.aws_iam_role.this",
            "module.ec2_instance.data.aws_iam_policy_document.assume_role_policy",
            "module.ec2_instance.data.aws_partition.current",
            "module.ec2_instance.data.aws_ssm_parameter.this",
            "tls_private_key.ed25519_key"
          ]
        }
      ]
    },
    {
      "module": "module.ec2_instance",
      "mode": "managed",
      "type": "aws_spot_instance_request",
      "name": "this",
      "provider": "provider[\"registry.terraform.io/hashicorp/aws\"]",
      "instances": []
    }
  ],
  "check_results": null
}
